// !$*UTF8*$!
{
	archiveVersion = 1;
	classes = {
	};
	objectVersion = 50;
	objects = {

/* Begin PBXBuildFile section */
		B3419ACCA98D6184F8BCCDE8 /* Pods_CustomEmailLogin.framework in Frameworks */ = {isa = PBXBuildFile; fileRef = 6C70533E0242569E2594E172 /* Pods_CustomEmailLogin.framework */; };
		CF094CA92311DD61009DE4B7 /* AppDelegate.swift in Sources */ = {isa = PBXBuildFile; fileRef = CF094CA82311DD61009DE4B7 /* AppDelegate.swift */; };
		CF094CAB2311DD61009DE4B7 /* ViewController.swift in Sources */ = {isa = PBXBuildFile; fileRef = CF094CAA2311DD61009DE4B7 /* ViewController.swift */; };
		CF094CAE2311DD61009DE4B7 /* Main.storyboard in Resources */ = {isa = PBXBuildFile; fileRef = CF094CAC2311DD61009DE4B7 /* Main.storyboard */; };
		CF094CB02311DD63009DE4B7 /* Assets.xcassets in Resources */ = {isa = PBXBuildFile; fileRef = CF094CAF2311DD63009DE4B7 /* Assets.xcassets */; };
		CF094CB32311DD63009DE4B7 /* LaunchScreen.storyboard in Resources */ = {isa = PBXBuildFile; fileRef = CF094CB12311DD63009DE4B7 /* LaunchScreen.storyboard */; };
		CF094CBB2311E66D009DE4B7 /* GoogleService-Info-2.plist in Resources */ = {isa = PBXBuildFile; fileRef = CF094CBA2311E66D009DE4B7 /* GoogleService-Info-2.plist */; };
/* End PBXBuildFile section */

/* Begin PBXFileReference section */
		6C70533E0242569E2594E172 /* Pods_CustomEmailLogin.framework */ = {isa = PBXFileReference; explicitFileType = wrapper.framework; includeInIndex = 0; path = Pods_CustomEmailLogin.framework; sourceTree = BUILT_PRODUCTS_DIR; };
		CF094CA52311DD61009DE4B7 /* CustomEmailLogin.app */ = {isa = PBXFileReference; explicitFileType = wrapper.application; includeInIndex = 0; path = CustomEmailLogin.app; sourceTree = BUILT_PRODUCTS_DIR; };
		CF094CA82311DD61009DE4B7 /* AppDelegate.swift */ = {isa = PBXFileReference; lastKnownFileType = sourcecode.swift; path = AppDelegate.swift; sourceTree = "<group>"; };
		CF094CAA2311DD61009DE4B7 /* ViewController.swift */ = {isa = PBXFileReference; lastKnownFileType = sourcecode.swift; path = ViewController.swift; sourceTree = "<group>"; };
		CF094CAD2311DD61009DE4B7 /* Base */ = {isa = PBXFileReference; lastKnownFileType = file.storyboard; name = Base; path = Base.lproj/Main.storyboard; sourceTree = "<group>"; };
		CF094CAF2311DD63009DE4B7 /* Assets.xcassets */ = {isa = PBXFileReference; lastKnownFileType = folder.assetcatalog; path = Assets.xcassets; sourceTree = "<group>"; };
		CF094CB22311DD63009DE4B7 /* Base */ = {isa = PBXFileReference; lastKnownFileType = file.storyboard; name = Base; path = Base.lproj/LaunchScreen.storyboard; sourceTree = "<group>"; };
		CF094CB42311DD63009DE4B7 /* Info.plist */ = {isa = PBXFileReference; lastKnownFileType = text.plist.xml; path = Info.plist; sourceTree = "<group>"; };
		CF094CBA2311E66D009DE4B7 /* GoogleService-Info-2.plist */ = {isa = PBXFileReference; fileEncoding = 4; lastKnownFileType = text.plist.xml; path = "GoogleService-Info-2.plist"; sourceTree = "<group>"; };
		DF5B75DD363BA774FD2967F7 /* Pods-CustomEmailLogin.release.xcconfig */ = {isa = PBXFileReference; includeInIndex = 1; lastKnownFileType = text.xcconfig; name = "Pods-CustomEmailLogin.release.xcconfig"; path = "Target Support Files/Pods-CustomEmailLogin/Pods-CustomEmailLogin.release.xcconfig"; sourceTree = "<group>"; };
		F1A78F1236C0BECBC58BFC18 /* Pods-CustomEmailLogin.debug.xcconfig */ = {isa = PBXFileReference; includeInIndex = 1; lastKnownFileType = text.xcconfig; name = "Pods-CustomEmailLogin.debug.xcconfig"; path = "Target Support Files/Pods-CustomEmailLogin/Pods-CustomEmailLogin.debug.xcconfig"; sourceTree = "<group>"; };
/* End PBXFileReference section */

/* Begin PBXFrameworksBuildPhase section */
		CF094CA22311DD61009DE4B7 /* Frameworks */ = {
			isa = PBXFrameworksBuildPhase;
			buildActionMask = 2147483647;
			files = (
				B3419ACCA98D6184F8BCCDE8 /* Pods_CustomEmailLogin.framework in Frameworks */,
			);
			runOnlyForDeploymentPostprocessing = 0;
		};
/* End PBXFrameworksBuildPhase section */

/* Begin PBXGroup section */
		0E8C6BCBC10ECD1E967489CF /* Pods */ = {
			isa = PBXGroup;
			children = (
				F1A78F1236C0BECBC58BFC18 /* Pods-CustomEmailLogin.debug.xcconfig */,
				DF5B75DD363BA774FD2967F7 /* Pods-CustomEmailLogin.release.xcconfig */,
			);
			name = Pods;
			path = Pods;
			sourceTree = "<group>";
		};
		A7991538ED773B3C75648295 /* Frameworks */ = {
			isa = PBXGroup;
			children = (
				6C70533E0242569E2594E172 /* Pods_CustomEmailLogin.framework */,
			);
			name = Frameworks;
			sourceTree = "<group>";
		};
		CF094C9C2311DD61009DE4B7 = {
			isa = PBXGroup;
			children = (
				CF094CA72311DD61009DE4B7 /* CustomEmailLogin */,
				CF094CA62311DD61009DE4B7 /* Products */,
				0E8C6BCBC10ECD1E967489CF /* Pods */,
				A7991538ED773B3C75648295 /* Frameworks */,
			);
			sourceTree = "<group>";
		};
		CF094CA62311DD61009DE4B7 /* Products */ = {
			isa = PBXGroup;
			children = (
				CF094CA52311DD61009DE4B7 /* CustomEmailLogin.app */,
			);
			name = Products;
			sourceTree = "<group>";
		};
		CF094CA72311DD61009DE4B7 /* CustomEmailLogin */ = {
			isa = PBXGroup;
			children = (
				CF094CA82311DD61009DE4B7 /* AppDelegate.swift */,
				CF094CAA2311DD61009DE4B7 /* ViewController.swift */,
				CF094CAC2311DD61009DE4B7 /* Main.storyboard */,
				CF094CAF2311DD63009DE4B7 /* Assets.xcassets */,
				CF094CB12311DD63009DE4B7 /* LaunchScreen.storyboard */,
				CF094CBA2311E66D009DE4B7 /* GoogleService-Info-2.plist */,
				CF094CB42311DD63009DE4B7 /* Info.plist */,
			);
			path = CustomEmailLogin;
			sourceTree = "<group>";
		};
/* End PBXGroup section */

/* Begin PBXNativeTarget section */
		CF094CA42311DD61009DE4B7 /* CustomEmailLogin */ = {
			isa = PBXNativeTarget;
			buildConfigurationList = CF094CB72311DD63009DE4B7 /* Build configuration list for PBXNativeTarget "CustomEmailLogin" */;
			buildPhases = (
				EA9365B99D42E3D35D7A9645 /* [CP] Check Pods Manifest.lock */,
				CF094CA12311DD61009DE4B7 /* Sources */,
				CF094CA22311DD61009DE4B7 /* Frameworks */,
				CF094CA32311DD61009DE4B7 /* Resources */,
				98471DB0E3E851190EABE95A /* [CP] Embed Pods Frameworks */,
			);
			buildRules = (
			);
			dependencies = (
			);
			name = CustomEmailLogin;
			productName = CustomEmailLogin;
			productReference = CF094CA52311DD61009DE4B7 /* CustomEmailLogin.app */;
			productType = "com.apple.product-type.application";
		};
/* End PBXNativeTarget section */

/* Begin PBXProject section */
		CF094C9D2311DD61009DE4B7 /* Project object */ = {
			isa = PBXProject;
			attributes = {
				LastSwiftUpdateCheck = 1030;
				LastUpgradeCheck = 1030;
				ORGANIZATIONNAME = "Keneisha Wiggan";
				TargetAttributes = {
					CF094CA42311DD61009DE4B7 = {
						CreatedOnToolsVersion = 10.3;
					};
				};
			};
			buildConfigurationList = CF094CA02311DD61009DE4B7 /* Build configuration list for PBXProject "CustomEmailLogin" */;
			compatibilityVersion = "Xcode 9.3";
			developmentRegion = en;
			hasScannedForEncodings = 0;
			knownRegions = (
				en,
				Base,
			);
			mainGroup = CF094C9C2311DD61009DE4B7;
			productRefGroup = CF094CA62311DD61009DE4B7 /* Products */;
			projectDirPath = "";
			projectRoot = "";
			targets = (
				CF094CA42311DD61009DE4B7 /* CustomEmailLogin */,
			);
		};
/* End PBXProject section */

/* Begin PBXResourcesBuildPhase section */
		CF094CA32311DD61009DE4B7 /* Resources */ = {
			isa = PBXResourcesBuildPhase;
			buildActionMask = 2147483647;
			files = (
				CF094CB32311DD63009DE4B7 /* LaunchScreen.storyboard in Resources */,
				CF094CB02311DD63009DE4B7 /* Assets.xcassets in Resources */,
				CF094CBB2311E66D009DE4B7 /* GoogleService-Info-2.plist in Resources */,
				CF094CAE2311DD61009DE4B7 /* Main.storyboard in Resources */,
			);
			runOnlyForDeploymentPostprocessing = 0;
		};
/* End PBXResourcesBuildPhase section */

/* Begin PBXShellScriptBuildPhase section */
		98471DB0E3E851190EABE95A /* [CP] Embed Pods Frameworks */ = {
			isa = PBXShellScriptBuildPhase;
			buildActionMask = 2147483647;
			files = (
			);
			inputFileListPaths = (
				"${PODS_ROOT}/Target Support Files/Pods-CustomEmailLogin/Pods-CustomEmailLogin-frameworks-${CONFIGURATION}-input-files.xcfilelist",
			);
			name = "[CP] Embed Pods Frameworks";
			outputFileListPaths = (
				"${PODS_ROOT}/Target Support Files/Pods-CustomEmailLogin/Pods-CustomEmailLogin-frameworks-${CONFIGURATION}-output-files.xcfilelist",
			);
			runOnlyForDeploymentPostprocessing = 0;
			shellPath = /bin/sh;
			shellScript = "\"${PODS_ROOT}/Target Support Files/Pods-CustomEmailLogin/Pods-CustomEmailLogin-frameworks.sh\"\n";
			showEnvVarsInLog = 0;
		};
		EA9365B99D42E3D35D7A9645 /* [CP] Check Pods Manifest.lock */ = {
			isa = PBXShellScriptBuildPhase;
			buildActionMask = 2147483647;
			files = (
			);
			inputFileListPaths = (
			);
			inputPaths = (
				"${PODS_PODFILE_DIR_PATH}/Podfile.lock",
				"${PODS_ROOT}/Manifest.lock",
			);
			name = "[CP] Check Pods Manifest.lock";
			outputFileListPaths = (
			);
			outputPaths = (
				"$(DERIVED_FILE_DIR)/Pods-CustomEmailLogin-checkManifestLockResult.txt",
			);
			runOnlyForDeploymentPostprocessing = 0;
			shellPath = /bin/sh;
			shellScript = "diff \"${PODS_PODFILE_DIR_PATH}/Podfile.lock\" \"${PODS_ROOT}/Manifest.lock\" > /dev/null\nif [ $? != 0 ] ; then\n    # print error to STDERR\n    echo \"error: The sandbox is not in sync with the Podfile.lock. Run 'pod install' or update your CocoaPods installation.\" >&2\n    exit 1\nfi\n# This output is used by Xcode 'outputs' to avoid re-running this script phase.\necho \"SUCCESS\" > \"${SCRIPT_OUTPUT_FILE_0}\"\n";
			showEnvVarsInLog = 0;
		};
/* End PBXShellScriptBuildPhase section */

/* Begin PBXSourcesBuildPhase section */
		CF094CA12311DD61009DE4B7 /* Sources */ = {
			isa = PBXSourcesBuildPhase;
			buildActionMask = 2147483647;
			files = (
				CF094CAB2311DD61009DE4B7 /* ViewController.swift in Sources */,
				CF094CA92311DD61009DE4B7 /* AppDelegate.swift in Sources */,
			);
			runOnlyForDeploymentPostprocessing = 0;
		};
/* End PBXSourcesBuildPhase section */

/* Begin PBXVariantGroup section */
		CF094CAC2311DD61009DE4B7 /* Main.storyboard */ = {
			isa = PBXVariantGroup;
			children = (
				CF094CAD2311DD61009DE4B7 /* Base */,
			);
			name = Main.storyboard;
			sourceTree = "<group>";
		};
		CF094CB12311DD63009DE4B7 /* LaunchScreen.storyboard */ = {
			isa = PBXVariantGroup;
			children = (
				CF094CB22311DD63009DE4B7 /* Base */,
			);
			name = LaunchScreen.storyboard;
			sourceTree = "<group>";
		};
/* End PBXVariantGroup section */

/* Begin XCBuildConfiguration section */
		CF094CB52311DD63009DE4B7 /* Debug */ = {
			isa = XCBuildConfiguration;
			buildSettings = {
				ALWAYS_SEARCH_USER_PATHS = NO;
				CLANG_ANALYZER_NONNULL = YES;
				CLANG_ANALYZER_NUMBER_OBJECT_CONVERSION = YES_AGGRESSIVE;
				CLANG_CXX_LANGUAGE_STANDARD = "gnu++14";
				CLANG_CXX_LIBRARY = "libc++";
				CLANG_ENABLE_MODULES = YES;
				CLANG_ENABLE_OBJC_ARC = YES;
				CLANG_ENABLE_OBJC_WEAK = YES;
				CLANG_WARN_BLOCK_CAPTURE_AUTORELEASING = YES;
				CLANG_WARN_BOOL_CONVERSION = YES;
				CLANG_WARN_COMMA = YES;
				CLANG_WARN_CONSTANT_CONVERSION = YES;
				CLANG_WARN_DEPRECATED_OBJC_IMPLEMENTATIONS = YES;
				CLANG_WARN_DIRECT_OBJC_ISA_USAGE = YES_ERROR;
				CLANG_WARN_DOCUMENTATION_COMMENTS = YES;
				CLANG_WARN_EMPTY_BODY = YES;
				CLANG_WARN_ENUM_CONVERSION = YES;
				CLANG_WARN_INFINITE_RECURSION = YES;
				CLANG_WARN_INT_CONVERSION = YES;
				CLANG_WARN_NON_LITERAL_NULL_CONVERSION = YES;
				CLANG_WARN_OBJC_IMPLICIT_RETAIN_SELF = YES;
				CLANG_WARN_OBJC_LITERAL_CONVERSION = YES;
				CLANG_WARN_OBJC_ROOT_CLASS = YES_ERROR;
				CLANG_WARN_RANGE_LOOP_ANALYSIS = YES;
				CLANG_WARN_STRICT_PROTOTYPES = YES;
				CLANG_WARN_SUSPICIOUS_MOVE = YES;
				CLANG_WARN_UNGUARDED_AVAILABILITY = YES_AGGRESSIVE;
				CLANG_WARN_UNREACHABLE_CODE = YES;
				CLANG_WARN__DUPLICATE_METHOD_MATCH = YES;
				CODE_SIGN_IDENTITY = "iPhone Developer";
				COPY_PHASE_STRIP = NO;
				DEBUG_INFORMATION_FORMAT = dwarf;
				ENABLE_STRICT_OBJC_MSGSEND = YES;
				ENABLE_TESTABILITY = YES;
				GCC_C_LANGUAGE_STANDARD = gnu11;
				GCC_DYNAMIC_NO_PIC = NO;
				GCC_NO_COMMON_BLOCKS = YES;
				GCC_OPTIMIZATION_LEVEL = 0;
				GCC_PREPROCESSOR_DEFINITIONS = (
					"DEBUG=1",
					"$(inherited)",
				);
				GCC_WARN_64_TO_32_BIT_CONVERSION = YES;
				GCC_WARN_ABOUT_RETURN_TYPE = YES_ERROR;
				GCC_WARN_UNDECLARED_SELECTOR = YES;
				GCC_WARN_UNINITIALIZED_AUTOS = YES_AGGRESSIVE;
				GCC_WARN_UNUSED_FUNCTION = YES;
				GCC_WARN_UNUSED_VARIABLE = YES;
				IPHONEOS_DEPLOYMENT_TARGET = 12.4;
				MTL_ENABLE_DEBUG_INFO = INCLUDE_SOURCE;
				MTL_FAST_MATH = YES;
				ONLY_ACTIVE_ARCH = YES;
				SDKROOT = iphoneos;
				SWIFT_ACTIVE_COMPILATION_CONDITIONS = DEBUG;
				SWIFT_OPTIMIZATION_LEVEL = "-Onone";
			};
			name = Debug;
		};
		CF094CB62311DD63009DE4B7 /* Release */ = {
			isa = XCBuildConfiguration;
			buildSettings = {
				ALWAYS_SEARCH_USER_PATHS = NO;
				CLANG_ANALYZER_NONNULL = YES;
				CLANG_ANALYZER_NUMBER_OBJECT_CONVERSION = YES_AGGRESSIVE;
				CLANG_CXX_LANGUAGE_STANDARD = "gnu++14";
				CLANG_CXX_LIBRARY = "libc++";
				CLANG_ENABLE_MODULES = YES;
				CLANG_ENABLE_OBJC_ARC = YES;
				CLANG_ENABLE_OBJC_WEAK = YES;
				CLANG_WARN_BLOCK_CAPTURE_AUTORELEASING = YES;
				CLANG_WARN_BOOL_CONVERSION = YES;
				CLANG_WARN_COMMA = YES;
				CLANG_WARN_CONSTANT_CONVERSION = YES;
				CLANG_WARN_DEPRECATED_OBJC_IMPLEMENTATIONS = YES;
				CLANG_WARN_DIRECT_OBJC_ISA_USAGE = YES_ERROR;
				CLANG_WARN_DOCUMENTATION_COMMENTS = YES;
				CLANG_WARN_EMPTY_BODY = YES;
				CLANG_WARN_ENUM_CONVERSION = YES;
				CLANG_WARN_INFINITE_RECURSION = YES;
				CLANG_WARN_INT_CONVERSION = YES;
				CLANG_WARN_NON_LITERAL_NULL_CONVERSION = YES;
				CLANG_WARN_OBJC_IMPLICIT_RETAIN_SELF = YES;
				CLANG_WARN_OBJC_LITERAL_CONVERSION = YES;
				CLANG_WARN_OBJC_ROOT_CLASS = YES_ERROR;
				CLANG_WARN_RANGE_LOOP_ANALYSIS = YES;
				CLANG_WARN_STRICT_PROTOTYPES = YES;
				CLANG_WARN_SUSPICIOUS_MOVE = YES;
				CLANG_WARN_UNGUARDED_AVAILABILITY = YES_AGGRESSIVE;
				CLANG_WARN_UNREACHABLE_CODE = YES;
				CLANG_WARN__DUPLICATE_METHOD_MATCH = YES;
				CODE_SIGN_IDENTITY = "iPhone Developer";
				COPY_PHASE_STRIP = NO;
				DEBUG_INFORMATION_FORMAT = "dwarf-with-dsym";
				ENABLE_NS_ASSERTIONS = NO;
				ENABLE_STRICT_OBJC_MSGSEND = YES;
				GCC_C_LANGUAGE_STANDARD = gnu11;
				GCC_NO_COMMON_BLOCKS = YES;
				GCC_WARN_64_TO_32_BIT_CONVERSION = YES;
				GCC_WARN_ABOUT_RETURN_TYPE = YES_ERROR;
				GCC_WARN_UNDECLARED_SELECTOR = YES;
				GCC_WARN_UNINITIALIZED_AUTOS = YES_AGGRESSIVE;
				GCC_WARN_UNUSED_FUNCTION = YES;
				GCC_WARN_UNUSED_VARIABLE = YES;
				IPHONEOS_DEPLOYMENT_TARGET = 12.4;
				MTL_ENABLE_DEBUG_INFO = NO;
				MTL_FAST_MATH = YES;
				SDKROOT = iphoneos;
				SWIFT_COMPILATION_MODE = wholemodule;
				SWIFT_OPTIMIZATION_LEVEL = "-O";
				VALIDATE_PRODUCT = YES;
			};
			name = Release;
		};
		CF094CB82311DD63009DE4B7 /* Debug */ = {
			isa = XCBuildConfiguration;
			baseConfigurationReference = F1A78F1236C0BECBC58BFC18 /* Pods-CustomEmailLogin.debug.xcconfig */;
			buildSettings = {
				ASSETCATALOG_COMPILER_APPICON_NAME = AppIcon;
				CODE_SIGN_STYLE = Automatic;
				DEVELOPMENT_TEAM = 9274QKWCQ3;
				INFOPLIST_FILE = CustomEmailLogin/Info.plist;
				LD_RUNPATH_SEARCH_PATHS = (
					"$(inherited)",
					"@executable_path/Frameworks",
				);
				PRODUCT_BUNDLE_IDENTIFIER = keneishawiggan.com.CustomEmailLogin;
				PRODUCT_NAME = "$(TARGET_NAME)";
				SWIFT_VERSION = 5.0;
				TARGETED_DEVICE_FAMILY = "1,2";
			};
			name = Debug;
		};
		CF094CB92311DD63009DE4B7 /* Release */ = {
			isa = XCBuildConfiguration;
			baseConfigurationReference = DF5B75DD363BA774FD2967F7 /* Pods-CustomEmailLogin.release.xcconfig */;
			buildSettings = {
				ASSETCATALOG_COMPILER_APPICON_NAME = AppIcon;
				CODE_SIGN_STYLE = Automatic;
				DEVELOPMENT_TEAM = 9274QKWCQ3;
				INFOPLIST_FILE = CustomEmailLogin/Info.plist;
				LD_RUNPATH_SEARCH_PATHS = (
					"$(inherited)",
					"@executable_path/Frameworks",
				);
				PRODUCT_BUNDLE_IDENTIFIER = keneishawiggan.com.CustomEmailLogin;
				PRODUCT_NAME = "$(TARGET_NAME)";
				SWIFT_VERSION = 5.0;
				TARGETED_DEVICE_FAMILY = "1,2";
			};
			name = Release;
		};
/* End XCBuildConfiguration section */

/* Begin XCConfigurationList section */
		CF094CA02311DD61009DE4B7 /* Build configuration list for PBXProject "CustomEmailLogin" */ = {
			isa = XCConfigurationList;
			buildConfigurations = (
				CF094CB52311DD63009DE4B7 /* Debug */,
				CF094CB62311DD63009DE4B7 /* Release */,
			);
			defaultConfigurationIsVisible = 0;
			defaultConfigurationName = Release;
		};
		CF094CB72311DD63009DE4B7 /* Build configuration list for PBXNativeTarget "CustomEmailLogin" */ = {
			isa = XCConfigurationList;
			buildConfigurations = (
				CF094CB82311DD63009DE4B7 /* Debug */,
				CF094CB92311DD63009DE4B7 /* Release */,
			);
			defaultConfigurationIsVisible = 0;
			defaultConfigurationName = Release;
		};
/* End XCConfigurationList section */
	};
	rootObject = CF094C9D2311DD61009DE4B7 /* Project object */;
}
